// !$*UTF8*$!
{
	archiveVersion = 1;
	classes = {
	};
	objectVersion = 46;
	objects = {

/* Begin PBXBuildFile section */
		801004C41DD31B850070C326 /* AppDelegate.swift in Sources */ = {isa = PBXBuildFile; fileRef = 801004C31DD31B850070C326 /* AppDelegate.swift */; };
		801004C61DD31B850070C326 /* ViewController.swift in Sources */ = {isa = PBXBuildFile; fileRef = 801004C51DD31B850070C326 /* ViewController.swift */; };
		801004C91DD31B850070C326 /* Main.storyboard in Resources */ = {isa = PBXBuildFile; fileRef = 801004C71DD31B850070C326 /* Main.storyboard */; };
		801004CB1DD31B850070C326 /* Assets.xcassets in Resources */ = {isa = PBXBuildFile; fileRef = 801004CA1DD31B850070C326 /* Assets.xcassets */; };
		801004CE1DD31B850070C326 /* LaunchScreen.storyboard in Resources */ = {isa = PBXBuildFile; fileRef = 801004CC1DD31B850070C326 /* LaunchScreen.storyboard */; };
		801004D71DD39BB80070C326 /* FQCategoriesCollectionViewCell.swift in Sources */ = {isa = PBXBuildFile; fileRef = 801004D61DD39BB80070C326 /* FQCategoriesCollectionViewCell.swift */; };
		801004D91DD39C990070C326 /* FQCategoriesCollectionViewController.swift in Sources */ = {isa = PBXBuildFile; fileRef = 801004D81DD39C990070C326 /* FQCategoriesCollectionViewController.swift */; };
		801004DB1DD3FD2A0070C326 /* FQDashboardViewController.swift in Sources */ = {isa = PBXBuildFile; fileRef = 801004DA1DD3FD2A0070C326 /* FQDashboardViewController.swift */; };
		801004DD1DD3FE320070C326 /* FQLoginViewController.swift in Sources */ = {isa = PBXBuildFile; fileRef = 801004DC1DD3FE320070C326 /* FQLoginViewController.swift */; };
		801004DF1DD3FE5B0070C326 /* FQRegistrationViewController.swift in Sources */ = {isa = PBXBuildFile; fileRef = 801004DE1DD3FE5B0070C326 /* FQRegistrationViewController.swift */; };
		801004E11DD400220070C326 /* FQBusinessDetailsViewController.swift in Sources */ = {isa = PBXBuildFile; fileRef = 801004E01DD400220070C326 /* FQBusinessDetailsViewController.swift */; };
		801004E31DD400410070C326 /* FQOperationsViewController.swift in Sources */ = {isa = PBXBuildFile; fileRef = 801004E21DD400410070C326 /* FQOperationsViewController.swift */; };
		801004E71DD465FF0070C326 /* FQIssueNumberViewController.swift in Sources */ = {isa = PBXBuildFile; fileRef = 801004E61DD465FF0070C326 /* FQIssueNumberViewController.swift */; };
		801A10591DE5517300373A22 /* FQSearchTableViewController.swift in Sources */ = {isa = PBXBuildFile; fileRef = 801A10581DE5517300373A22 /* FQSearchTableViewController.swift */; };
		801A105B1DE5532500373A22 /* FQSearchTableViewCell.swift in Sources */ = {isa = PBXBuildFile; fileRef = 801A105A1DE5532500373A22 /* FQSearchTableViewCell.swift */; };
		801A105D1DE56FA800373A22 /* FQBusiness.swift in Sources */ = {isa = PBXBuildFile; fileRef = 801A105C1DE56FA800373A22 /* FQBusiness.swift */; };
		801A105F1DE578F300373A22 /* Utility.swift in Sources */ = {isa = PBXBuildFile; fileRef = 801A105E1DE578F300373A22 /* Utility.swift */; };
		801A10611DE5ACB600373A22 /* FQBusinessValidationViewController.swift in Sources */ = {isa = PBXBuildFile; fileRef = 801A10601DE5ACB600373A22 /* FQBusinessValidationViewController.swift */; };
		801D4C061DDD90DD00BE555F /* API.swift in Sources */ = {isa = PBXBuildFile; fileRef = 801D4C051DDD90DD00BE555F /* API.swift */; };
		802102461DFCE9EF00FBDC2E /* CoreLocation.framework in Frameworks */ = {isa = PBXBuildFile; fileRef = 802102451DFCE9EF00FBDC2E /* CoreLocation.framework */; };
		802B4EB71DF559DB0038891A /* FQReceiptViewController.swift in Sources */ = {isa = PBXBuildFile; fileRef = 802B4EB61DF559DB0038891A /* FQReceiptViewController.swift */; };
		8040BD651E3F36F100575CA9 /* FQOnboardingPushNotificationViewController.swift in Sources */ = {isa = PBXBuildFile; fileRef = 8040BD641E3F36F100575CA9 /* FQOnboardingPushNotificationViewController.swift */; };
		804D88BD1DE7C3DA00129CC9 /* FQVerificationCodeViewController.swift in Sources */ = {isa = PBXBuildFile; fileRef = 804D88BC1DE7C3DA00129CC9 /* FQVerificationCodeViewController.swift */; };
		806692A11DF073C400EA3963 /* FQSettingsTableViewController.swift in Sources */ = {isa = PBXBuildFile; fileRef = 806692A01DF073C400EA3963 /* FQSettingsTableViewController.swift */; };
		806692A41DF08A9900EA3963 /* FQSettingsAccountViewController.swift in Sources */ = {isa = PBXBuildFile; fileRef = 806692A31DF08A9900EA3963 /* FQSettingsAccountViewController.swift */; };
		806692A61DF08AB000EA3963 /* FQSettingsDetailsViewController.swift in Sources */ = {isa = PBXBuildFile; fileRef = 806692A51DF08AB000EA3963 /* FQSettingsDetailsViewController.swift */; };
		806692A81DF08AC800EA3963 /* FQSettingsAddressViewController.swift in Sources */ = {isa = PBXBuildFile; fileRef = 806692A71DF08AC800EA3963 /* FQSettingsAddressViewController.swift */; };
		806692AA1DF08AD900EA3963 /* FQSettingsOperationsViewController.swift in Sources */ = {isa = PBXBuildFile; fileRef = 806692A91DF08AD900EA3963 /* FQSettingsOperationsViewController.swift */; };
		806ABBE61E3883B3009ADDD4 /* FQOnboardingLayerViewController.swift in Sources */ = {isa = PBXBuildFile; fileRef = 806ABBE51E3883B3009ADDD4 /* FQOnboardingLayerViewController.swift */; };
		808433ED1DF6D2910053C4DB /* doorbell_x.wav in Resources */ = {isa = PBXBuildFile; fileRef = 808433EC1DF6D2910053C4DB /* doorbell_x.wav */; };
		8084524F1DF5249100249441 /* FQBroadcastViewController.swift in Sources */ = {isa = PBXBuildFile; fileRef = 8084524E1DF5249100249441 /* FQBroadcastViewController.swift */; };
		808FE5901DF7EE2C00705D83 /* FQSearchBroadcastViewController.swift in Sources */ = {isa = PBXBuildFile; fileRef = 808FE58F1DF7EE2C00705D83 /* FQSearchBroadcastViewController.swift */; };
		8099E8291E2E0AD000F39C82 /* FQOnboardingLocationViewController.swift in Sources */ = {isa = PBXBuildFile; fileRef = 8099E8281E2E0AD000F39C82 /* FQOnboardingLocationViewController.swift */; };
		8099E82B1E2E174600F39C82 /* FQOnboardingGetStartedViewController.swift in Sources */ = {isa = PBXBuildFile; fileRef = 8099E82A1E2E174600F39C82 /* FQOnboardingGetStartedViewController.swift */; };
		8099E82D1E2E6BF200F39C82 /* FQSettingsTimeEstimatesTableViewController.swift in Sources */ = {isa = PBXBuildFile; fileRef = 8099E82C1E2E6BF200F39C82 /* FQSettingsTimeEstimatesTableViewController.swift */; };
		80B9C7C71DF02D65000A3B7A /* Session.swift in Sources */ = {isa = PBXBuildFile; fileRef = 80B9C7C61DF02D65000A3B7A /* Session.swift */; };
		80C17A5F1E4834420058E1D4 /* FQIssueNumberClosedViewController.swift in Sources */ = {isa = PBXBuildFile; fileRef = 80C17A5E1E4834420058E1D4 /* FQIssueNumberClosedViewController.swift */; };
		80C296321DFAA4CB00444E5A /* FQOnboardingContainerViewController.swift in Sources */ = {isa = PBXBuildFile; fileRef = 80C296311DFAA4CB00444E5A /* FQOnboardingContainerViewController.swift */; };
		80C296341DFAA51700444E5A /* FQOnboardingPageViewController.swift in Sources */ = {isa = PBXBuildFile; fileRef = 80C296331DFAA51700444E5A /* FQOnboardingPageViewController.swift */; };
		80C296361DFAA55900444E5A /* FQOnboardingContentViewController.swift in Sources */ = {isa = PBXBuildFile; fileRef = 80C296351DFAA55900444E5A /* FQOnboardingContentViewController.swift */; };
		80CE426F1DDB5D440054E7C5 /* FQGetStartedViewController.swift in Sources */ = {isa = PBXBuildFile; fileRef = 80CE426E1DDB5D440054E7C5 /* FQGetStartedViewController.swift */; };
		80CE42711DDC5BE90054E7C5 /* FQProcessQueueTableViewCell.swift in Sources */ = {isa = PBXBuildFile; fileRef = 80CE42701DDC5BE90054E7C5 /* FQProcessQueueTableViewCell.swift */; };
		80CE42731DDC6A420054E7C5 /* FQProcessQueueTableViewController.swift in Sources */ = {isa = PBXBuildFile; fileRef = 80CE42721DDC6A420054E7C5 /* FQProcessQueueTableViewController.swift */; };
		80CFD2A71E30A29700982F86 /* FQOnboardingUserTypeViewController.swift in Sources */ = {isa = PBXBuildFile; fileRef = 80CFD2A61E30A29700982F86 /* FQOnboardingUserTypeViewController.swift */; };
		80DD61641DFA8A86009AB134 /* FQChangePasswordViewController.swift in Sources */ = {isa = PBXBuildFile; fileRef = 80DD61631DFA8A86009AB134 /* FQChangePasswordViewController.swift */; };
		80E220761E406A6100C6FC16 /* FQCategoryZoomViewController.swift in Sources */ = {isa = PBXBuildFile; fileRef = 80E220751E406A6100C6FC16 /* FQCategoryZoomViewController.swift */; };
		80EE0C2A1DEC458D003B9F7E /* FQForgotPasswordViewController.swift in Sources */ = {isa = PBXBuildFile; fileRef = 80EE0C291DEC458D003B9F7E /* FQForgotPasswordViewController.swift */; };
		80EE0C2C1DED4A26003B9F7E /* FQAboutViewController.swift in Sources */ = {isa = PBXBuildFile; fileRef = 80EE0C2B1DED4A26003B9F7E /* FQAboutViewController.swift */; };
		FC76AC73FCDDB8F185F8E2F7 /* Pods_FeatherQ.framework in Frameworks */ = {isa = PBXBuildFile; fileRef = F38B46CE39F6E78C4005B540 /* Pods_FeatherQ.framework */; };
/* End PBXBuildFile section */

/* Begin PBXFileReference section */
		596134021EAE0D3CBEAF0B06 /* Pods-FeatherQ.debug.xcconfig */ = {isa = PBXFileReference; includeInIndex = 1; lastKnownFileType = text.xcconfig; name = "Pods-FeatherQ.debug.xcconfig"; path = "Pods/Target Support Files/Pods-FeatherQ/Pods-FeatherQ.debug.xcconfig"; sourceTree = "<group>"; };
		801004C01DD31B850070C326 /* FeatherQ.app */ = {isa = PBXFileReference; explicitFileType = wrapper.application; includeInIndex = 0; path = FeatherQ.app; sourceTree = BUILT_PRODUCTS_DIR; };
		801004C31DD31B850070C326 /* AppDelegate.swift */ = {isa = PBXFileReference; lastKnownFileType = sourcecode.swift; path = AppDelegate.swift; sourceTree = "<group>"; };
		801004C51DD31B850070C326 /* ViewController.swift */ = {isa = PBXFileReference; lastKnownFileType = sourcecode.swift; path = ViewController.swift; sourceTree = "<group>"; };
		801004C81DD31B850070C326 /* Base */ = {isa = PBXFileReference; lastKnownFileType = file.storyboard; name = Base; path = Base.lproj/Main.storyboard; sourceTree = "<group>"; };
		801004CA1DD31B850070C326 /* Assets.xcassets */ = {isa = PBXFileReference; lastKnownFileType = folder.assetcatalog; path = Assets.xcassets; sourceTree = "<group>"; };
		801004CD1DD31B850070C326 /* Base */ = {isa = PBXFileReference; lastKnownFileType = file.storyboard; name = Base; path = Base.lproj/LaunchScreen.storyboard; sourceTree = "<group>"; };
		801004CF1DD31B850070C326 /* Info.plist */ = {isa = PBXFileReference; lastKnownFileType = text.plist.xml; path = Info.plist; sourceTree = "<group>"; };
		801004D51DD31BB40070C326 /* FeatherQ.entitlements */ = {isa = PBXFileReference; lastKnownFileType = text.plist.entitlements; path = FeatherQ.entitlements; sourceTree = "<group>"; };
		801004D61DD39BB80070C326 /* FQCategoriesCollectionViewCell.swift */ = {isa = PBXFileReference; fileEncoding = 4; lastKnownFileType = sourcecode.swift; path = FQCategoriesCollectionViewCell.swift; sourceTree = "<group>"; };
		801004D81DD39C990070C326 /* FQCategoriesCollectionViewController.swift */ = {isa = PBXFileReference; fileEncoding = 4; lastKnownFileType = sourcecode.swift; path = FQCategoriesCollectionViewController.swift; sourceTree = "<group>"; };
		801004DA1DD3FD2A0070C326 /* FQDashboardViewController.swift */ = {isa = PBXFileReference; fileEncoding = 4; lastKnownFileType = sourcecode.swift; path = FQDashboardViewController.swift; sourceTree = "<group>"; };
		801004DC1DD3FE320070C326 /* FQLoginViewController.swift */ = {isa = PBXFileReference; fileEncoding = 4; lastKnownFileType = sourcecode.swift; path = FQLoginViewController.swift; sourceTree = "<group>"; };
		801004DE1DD3FE5B0070C326 /* FQRegistrationViewController.swift */ = {isa = PBXFileReference; fileEncoding = 4; lastKnownFileType = sourcecode.swift; path = FQRegistrationViewController.swift; sourceTree = "<group>"; };
		801004E01DD400220070C326 /* FQBusinessDetailsViewController.swift */ = {isa = PBXFileReference; fileEncoding = 4; lastKnownFileType = sourcecode.swift; path = FQBusinessDetailsViewController.swift; sourceTree = "<group>"; };
		801004E21DD400410070C326 /* FQOperationsViewController.swift */ = {isa = PBXFileReference; fileEncoding = 4; lastKnownFileType = sourcecode.swift; path = FQOperationsViewController.swift; sourceTree = "<group>"; };
		801004E61DD465FF0070C326 /* FQIssueNumberViewController.swift */ = {isa = PBXFileReference; fileEncoding = 4; lastKnownFileType = sourcecode.swift; path = FQIssueNumberViewController.swift; sourceTree = "<group>"; };
		801A10581DE5517300373A22 /* FQSearchTableViewController.swift */ = {isa = PBXFileReference; fileEncoding = 4; lastKnownFileType = sourcecode.swift; path = FQSearchTableViewController.swift; sourceTree = "<group>"; };
		801A105A1DE5532500373A22 /* FQSearchTableViewCell.swift */ = {isa = PBXFileReference; fileEncoding = 4; lastKnownFileType = sourcecode.swift; path = FQSearchTableViewCell.swift; sourceTree = "<group>"; };
		801A105C1DE56FA800373A22 /* FQBusiness.swift */ = {isa = PBXFileReference; fileEncoding = 4; lastKnownFileType = sourcecode.swift; path = FQBusiness.swift; sourceTree = "<group>"; };
		801A105E1DE578F300373A22 /* Utility.swift */ = {isa = PBXFileReference; fileEncoding = 4; lastKnownFileType = sourcecode.swift; path = Utility.swift; sourceTree = "<group>"; };
		801A10601DE5ACB600373A22 /* FQBusinessValidationViewController.swift */ = {isa = PBXFileReference; fileEncoding = 4; lastKnownFileType = sourcecode.swift; path = FQBusinessValidationViewController.swift; sourceTree = "<group>"; };
		801D4C051DDD90DD00BE555F /* API.swift */ = {isa = PBXFileReference; fileEncoding = 4; lastKnownFileType = sourcecode.swift; path = API.swift; sourceTree = "<group>"; };
		802102451DFCE9EF00FBDC2E /* CoreLocation.framework */ = {isa = PBXFileReference; lastKnownFileType = wrapper.framework; name = CoreLocation.framework; path = System/Library/Frameworks/CoreLocation.framework; sourceTree = SDKROOT; };
		802B4EB61DF559DB0038891A /* FQReceiptViewController.swift */ = {isa = PBXFileReference; fileEncoding = 4; lastKnownFileType = sourcecode.swift; path = FQReceiptViewController.swift; sourceTree = "<group>"; };
		8040BD641E3F36F100575CA9 /* FQOnboardingPushNotificationViewController.swift */ = {isa = PBXFileReference; fileEncoding = 4; lastKnownFileType = sourcecode.swift; path = FQOnboardingPushNotificationViewController.swift; sourceTree = "<group>"; };
		804D88BC1DE7C3DA00129CC9 /* FQVerificationCodeViewController.swift */ = {isa = PBXFileReference; fileEncoding = 4; lastKnownFileType = sourcecode.swift; path = FQVerificationCodeViewController.swift; sourceTree = "<group>"; };
		806692A01DF073C400EA3963 /* FQSettingsTableViewController.swift */ = {isa = PBXFileReference; fileEncoding = 4; lastKnownFileType = sourcecode.swift; path = FQSettingsTableViewController.swift; sourceTree = "<group>"; };
		806692A31DF08A9900EA3963 /* FQSettingsAccountViewController.swift */ = {isa = PBXFileReference; fileEncoding = 4; lastKnownFileType = sourcecode.swift; path = FQSettingsAccountViewController.swift; sourceTree = "<group>"; };
		806692A51DF08AB000EA3963 /* FQSettingsDetailsViewController.swift */ = {isa = PBXFileReference; fileEncoding = 4; lastKnownFileType = sourcecode.swift; path = FQSettingsDetailsViewController.swift; sourceTree = "<group>"; };
		806692A71DF08AC800EA3963 /* FQSettingsAddressViewController.swift */ = {isa = PBXFileReference; fileEncoding = 4; lastKnownFileType = sourcecode.swift; path = FQSettingsAddressViewController.swift; sourceTree = "<group>"; };
		806692A91DF08AD900EA3963 /* FQSettingsOperationsViewController.swift */ = {isa = PBXFileReference; fileEncoding = 4; lastKnownFileType = sourcecode.swift; path = FQSettingsOperationsViewController.swift; sourceTree = "<group>"; };
		806ABBE51E3883B3009ADDD4 /* FQOnboardingLayerViewController.swift */ = {isa = PBXFileReference; fileEncoding = 4; lastKnownFileType = sourcecode.swift; path = FQOnboardingLayerViewController.swift; sourceTree = "<group>"; };
		808433EC1DF6D2910053C4DB /* doorbell_x.wav */ = {isa = PBXFileReference; lastKnownFileType = audio.wav; path = doorbell_x.wav; sourceTree = "<group>"; };
		8084524E1DF5249100249441 /* FQBroadcastViewController.swift */ = {isa = PBXFileReference; fileEncoding = 4; lastKnownFileType = sourcecode.swift; path = FQBroadcastViewController.swift; sourceTree = "<group>"; };
		808FE58F1DF7EE2C00705D83 /* FQSearchBroadcastViewController.swift */ = {isa = PBXFileReference; fileEncoding = 4; lastKnownFileType = sourcecode.swift; path = FQSearchBroadcastViewController.swift; sourceTree = "<group>"; };
		8099E8281E2E0AD000F39C82 /* FQOnboardingLocationViewController.swift */ = {isa = PBXFileReference; fileEncoding = 4; lastKnownFileType = sourcecode.swift; path = FQOnboardingLocationViewController.swift; sourceTree = "<group>"; };
		8099E82A1E2E174600F39C82 /* FQOnboardingGetStartedViewController.swift */ = {isa = PBXFileReference; fileEncoding = 4; lastKnownFileType = sourcecode.swift; path = FQOnboardingGetStartedViewController.swift; sourceTree = "<group>"; };
		8099E82C1E2E6BF200F39C82 /* FQSettingsTimeEstimatesTableViewController.swift */ = {isa = PBXFileReference; fileEncoding = 4; lastKnownFileType = sourcecode.swift; path = FQSettingsTimeEstimatesTableViewController.swift; sourceTree = "<group>"; };
		80B9C7C61DF02D65000A3B7A /* Session.swift */ = {isa = PBXFileReference; fileEncoding = 4; lastKnownFileType = sourcecode.swift; path = Session.swift; sourceTree = "<group>"; };
		80C17A5E1E4834420058E1D4 /* FQIssueNumberClosedViewController.swift */ = {isa = PBXFileReference; fileEncoding = 4; lastKnownFileType = sourcecode.swift; path = FQIssueNumberClosedViewController.swift; sourceTree = "<group>"; };
		80C296311DFAA4CB00444E5A /* FQOnboardingContainerViewController.swift */ = {isa = PBXFileReference; fileEncoding = 4; lastKnownFileType = sourcecode.swift; path = FQOnboardingContainerViewController.swift; sourceTree = "<group>"; };
		80C296331DFAA51700444E5A /* FQOnboardingPageViewController.swift */ = {isa = PBXFileReference; fileEncoding = 4; lastKnownFileType = sourcecode.swift; path = FQOnboardingPageViewController.swift; sourceTree = "<group>"; };
		80C296351DFAA55900444E5A /* FQOnboardingContentViewController.swift */ = {isa = PBXFileReference; fileEncoding = 4; lastKnownFileType = sourcecode.swift; path = FQOnboardingContentViewController.swift; sourceTree = "<group>"; };
		80CE426E1DDB5D440054E7C5 /* FQGetStartedViewController.swift */ = {isa = PBXFileReference; fileEncoding = 4; lastKnownFileType = sourcecode.swift; path = FQGetStartedViewController.swift; sourceTree = "<group>"; };
		80CE42701DDC5BE90054E7C5 /* FQProcessQueueTableViewCell.swift */ = {isa = PBXFileReference; fileEncoding = 4; lastKnownFileType = sourcecode.swift; path = FQProcessQueueTableViewCell.swift; sourceTree = "<group>"; };
		80CE42721DDC6A420054E7C5 /* FQProcessQueueTableViewController.swift */ = {isa = PBXFileReference; fileEncoding = 4; lastKnownFileType = sourcecode.swift; path = FQProcessQueueTableViewController.swift; sourceTree = "<group>"; };
		80CFD2A61E30A29700982F86 /* FQOnboardingUserTypeViewController.swift */ = {isa = PBXFileReference; fileEncoding = 4; lastKnownFileType = sourcecode.swift; path = FQOnboardingUserTypeViewController.swift; sourceTree = "<group>"; };
		80DD61631DFA8A86009AB134 /* FQChangePasswordViewController.swift */ = {isa = PBXFileReference; fileEncoding = 4; lastKnownFileType = sourcecode.swift; path = FQChangePasswordViewController.swift; sourceTree = "<group>"; };
		80E220751E406A6100C6FC16 /* FQCategoryZoomViewController.swift */ = {isa = PBXFileReference; fileEncoding = 4; lastKnownFileType = sourcecode.swift; path = FQCategoryZoomViewController.swift; sourceTree = "<group>"; };
		80EE0C291DEC458D003B9F7E /* FQForgotPasswordViewController.swift */ = {isa = PBXFileReference; fileEncoding = 4; lastKnownFileType = sourcecode.swift; path = FQForgotPasswordViewController.swift; sourceTree = "<group>"; };
		80EE0C2B1DED4A26003B9F7E /* FQAboutViewController.swift */ = {isa = PBXFileReference; fileEncoding = 4; lastKnownFileType = sourcecode.swift; path = FQAboutViewController.swift; sourceTree = "<group>"; };
		F1EAC70D54D11EED369F474E /* Pods-FeatherQ.release.xcconfig */ = {isa = PBXFileReference; includeInIndex = 1; lastKnownFileType = text.xcconfig; name = "Pods-FeatherQ.release.xcconfig"; path = "Pods/Target Support Files/Pods-FeatherQ/Pods-FeatherQ.release.xcconfig"; sourceTree = "<group>"; };
		F38B46CE39F6E78C4005B540 /* Pods_FeatherQ.framework */ = {isa = PBXFileReference; explicitFileType = wrapper.framework; includeInIndex = 0; path = Pods_FeatherQ.framework; sourceTree = BUILT_PRODUCTS_DIR; };
/* End PBXFileReference section */

/* Begin PBXFrameworksBuildPhase section */
		801004BD1DD31B850070C326 /* Frameworks */ = {
			isa = PBXFrameworksBuildPhase;
			buildActionMask = 2147483647;
			files = (
				802102461DFCE9EF00FBDC2E /* CoreLocation.framework in Frameworks */,
				FC76AC73FCDDB8F185F8E2F7 /* Pods_FeatherQ.framework in Frameworks */,
			);
			runOnlyForDeploymentPostprocessing = 0;
		};
/* End PBXFrameworksBuildPhase section */

/* Begin PBXGroup section */
		053BCEC1C9E44ED4C483ECE0 /* Frameworks */ = {
			isa = PBXGroup;
			children = (
				802102451DFCE9EF00FBDC2E /* CoreLocation.framework */,
				F38B46CE39F6E78C4005B540 /* Pods_FeatherQ.framework */,
			);
			name = Frameworks;
			sourceTree = "<group>";
		};
		4BE33407B35FA0A6D47A5CD2 /* Pods */ = {
			isa = PBXGroup;
			children = (
				596134021EAE0D3CBEAF0B06 /* Pods-FeatherQ.debug.xcconfig */,
				F1EAC70D54D11EED369F474E /* Pods-FeatherQ.release.xcconfig */,
			);
			name = Pods;
			sourceTree = "<group>";
		};
		801004B71DD31B850070C326 = {
			isa = PBXGroup;
			children = (
				801004C21DD31B850070C326 /* FeatherQ */,
				801004C11DD31B850070C326 /* Products */,
				053BCEC1C9E44ED4C483ECE0 /* Frameworks */,
				4BE33407B35FA0A6D47A5CD2 /* Pods */,
			);
			sourceTree = "<group>";
		};
		801004C11DD31B850070C326 /* Products */ = {
			isa = PBXGroup;
			children = (
				801004C01DD31B850070C326 /* FeatherQ.app */,
			);
			name = Products;
			sourceTree = "<group>";
		};
		801004C21DD31B850070C326 /* FeatherQ */ = {
			isa = PBXGroup;
			children = (
				80C2C1221DDD78C800D067C1 /* Lib */,
				80C2C1211DDD78C100D067C1 /* Controller */,
				80C2C1201DDD78BB00D067C1 /* View */,
				80C2C11F1DDD78A800D067C1 /* Model */,
				801004D51DD31BB40070C326 /* FeatherQ.entitlements */,
				801004C31DD31B850070C326 /* AppDelegate.swift */,
				801004C51DD31B850070C326 /* ViewController.swift */,
				801004C71DD31B850070C326 /* Main.storyboard */,
				801004CA1DD31B850070C326 /* Assets.xcassets */,
				801004CC1DD31B850070C326 /* LaunchScreen.storyboard */,
				801004CF1DD31B850070C326 /* Info.plist */,
			);
			path = FeatherQ;
			sourceTree = "<group>";
		};
		806692A21DF0822000EA3963 /* Settings */ = {
			isa = PBXGroup;
			children = (
				806692A31DF08A9900EA3963 /* FQSettingsAccountViewController.swift */,
				806692A51DF08AB000EA3963 /* FQSettingsDetailsViewController.swift */,
				806692A71DF08AC800EA3963 /* FQSettingsAddressViewController.swift */,
				806692A91DF08AD900EA3963 /* FQSettingsOperationsViewController.swift */,
				8099E82C1E2E6BF200F39C82 /* FQSettingsTimeEstimatesTableViewController.swift */,
			);
			name = Settings;
			sourceTree = "<group>";
		};
		808FE58E1DF7EE0B00705D83 /* Search */ = {
			isa = PBXGroup;
			children = (
				801A10581DE5517300373A22 /* FQSearchTableViewController.swift */,
				808FE58F1DF7EE2C00705D83 /* FQSearchBroadcastViewController.swift */,
			);
			name = Search;
			sourceTree = "<group>";
		};
		80C2962E1DFAA48E00444E5A /* Onboarding */ = {
			isa = PBXGroup;
			children = (
				80C296311DFAA4CB00444E5A /* FQOnboardingContainerViewController.swift */,
				80C296331DFAA51700444E5A /* FQOnboardingPageViewController.swift */,
				80C296351DFAA55900444E5A /* FQOnboardingContentViewController.swift */,
				8099E8281E2E0AD000F39C82 /* FQOnboardingLocationViewController.swift */,
				8099E82A1E2E174600F39C82 /* FQOnboardingGetStartedViewController.swift */,
				80CFD2A61E30A29700982F86 /* FQOnboardingUserTypeViewController.swift */,
				806ABBE51E3883B3009ADDD4 /* FQOnboardingLayerViewController.swift */,
				8040BD641E3F36F100575CA9 /* FQOnboardingPushNotificationViewController.swift */,
			);
			name = Onboarding;
			sourceTree = "<group>";
		};
		80C2C11F1DDD78A800D067C1 /* Model */ = {
			isa = PBXGroup;
			children = (
				801A105C1DE56FA800373A22 /* FQBusiness.swift */,
				80B9C7C61DF02D65000A3B7A /* Session.swift */,
			);
			name = Model;
			sourceTree = "<group>";
		};
		80C2C1201DDD78BB00D067C1 /* View */ = {
			isa = PBXGroup;
			children = (
				801004D61DD39BB80070C326 /* FQCategoriesCollectionViewCell.swift */,
				80CE42701DDC5BE90054E7C5 /* FQProcessQueueTableViewCell.swift */,
				801A105A1DE5532500373A22 /* FQSearchTableViewCell.swift */,
			);
			name = View;
			sourceTree = "<group>";
		};
		80C2C1211DDD78C100D067C1 /* Controller */ = {
			isa = PBXGroup;
			children = (
				80C2962E1DFAA48E00444E5A /* Onboarding */,
				808FE58E1DF7EE0B00705D83 /* Search */,
				806692A21DF0822000EA3963 /* Settings */,
				801004D81DD39C990070C326 /* FQCategoriesCollectionViewController.swift */,
				801004DA1DD3FD2A0070C326 /* FQDashboardViewController.swift */,
				801004DC1DD3FE320070C326 /* FQLoginViewController.swift */,
				801004DE1DD3FE5B0070C326 /* FQRegistrationViewController.swift */,
				801004E01DD400220070C326 /* FQBusinessDetailsViewController.swift */,
				801004E21DD400410070C326 /* FQOperationsViewController.swift */,
				80CE426E1DDB5D440054E7C5 /* FQGetStartedViewController.swift */,
				801004E61DD465FF0070C326 /* FQIssueNumberViewController.swift */,
				80CE42721DDC6A420054E7C5 /* FQProcessQueueTableViewController.swift */,
				801A10601DE5ACB600373A22 /* FQBusinessValidationViewController.swift */,
				804D88BC1DE7C3DA00129CC9 /* FQVerificationCodeViewController.swift */,
				80EE0C291DEC458D003B9F7E /* FQForgotPasswordViewController.swift */,
				80EE0C2B1DED4A26003B9F7E /* FQAboutViewController.swift */,
				806692A01DF073C400EA3963 /* FQSettingsTableViewController.swift */,
				8084524E1DF5249100249441 /* FQBroadcastViewController.swift */,
				802B4EB61DF559DB0038891A /* FQReceiptViewController.swift */,
				80DD61631DFA8A86009AB134 /* FQChangePasswordViewController.swift */,
				80E220751E406A6100C6FC16 /* FQCategoryZoomViewController.swift */,
				80C17A5E1E4834420058E1D4 /* FQIssueNumberClosedViewController.swift */,
			);
			name = Controller;
			sourceTree = "<group>";
		};
		80C2C1221DDD78C800D067C1 /* Lib */ = {
			isa = PBXGroup;
			children = (
				808433EC1DF6D2910053C4DB /* doorbell_x.wav */,
				801D4C051DDD90DD00BE555F /* API.swift */,
				801A105E1DE578F300373A22 /* Utility.swift */,
			);
			name = Lib;
			sourceTree = "<group>";
		};
/* End PBXGroup section */

/* Begin PBXNativeTarget section */
		801004BF1DD31B850070C326 /* FeatherQ */ = {
			isa = PBXNativeTarget;
			buildConfigurationList = 801004D21DD31B850070C326 /* Build configuration list for PBXNativeTarget "FeatherQ" */;
			buildPhases = (
				58AC4712C21DB5A5B423C670 /* [CP] Check Pods Manifest.lock */,
				801004BC1DD31B850070C326 /* Sources */,
				801004BD1DD31B850070C326 /* Frameworks */,
				801004BE1DD31B850070C326 /* Resources */,
				2F2C5A4851D5E2378540308D /* [CP] Embed Pods Frameworks */,
				E70F3F1B1286FF96C33609A3 /* [CP] Copy Pods Resources */,
			);
			buildRules = (
			);
			dependencies = (
			);
			name = FeatherQ;
			productName = "FeatherQ Mockup";
			productReference = 801004C01DD31B850070C326 /* FeatherQ.app */;
			productType = "com.apple.product-type.application";
		};
/* End PBXNativeTarget section */

/* Begin PBXProject section */
		801004B81DD31B850070C326 /* Project object */ = {
			isa = PBXProject;
			attributes = {
				LastSwiftUpdateCheck = 0810;
				LastUpgradeCheck = 0820;
				ORGANIZATIONNAME = Reminisense;
				TargetAttributes = {
					801004BF1DD31B850070C326 = {
						CreatedOnToolsVersion = 8.1;
						DevelopmentTeam = SEH99488K2;
						LastSwiftMigration = 0810;
						ProvisioningStyle = Automatic;
						SystemCapabilities = {
							com.apple.Keychain = {
								enabled = 1;
							};
							com.apple.Push = {
								enabled = 1;
							};
							com.apple.iCloud = {
								enabled = 1;
							};
						};
					};
				};
			};
			buildConfigurationList = 801004BB1DD31B850070C326 /* Build configuration list for PBXProject "FeatherQ" */;
			compatibilityVersion = "Xcode 3.2";
			developmentRegion = English;
			hasScannedForEncodings = 0;
			knownRegions = (
				en,
				Base,
			);
			mainGroup = 801004B71DD31B850070C326;
			productRefGroup = 801004C11DD31B850070C326 /* Products */;
			projectDirPath = "";
			projectRoot = "";
			targets = (
				801004BF1DD31B850070C326 /* FeatherQ */,
			);
		};
/* End PBXProject section */

/* Begin PBXResourcesBuildPhase section */
		801004BE1DD31B850070C326 /* Resources */ = {
			isa = PBXResourcesBuildPhase;
			buildActionMask = 2147483647;
			files = (
				808433ED1DF6D2910053C4DB /* doorbell_x.wav in Resources */,
				801004CE1DD31B850070C326 /* LaunchScreen.storyboard in Resources */,
				801004CB1DD31B850070C326 /* Assets.xcassets in Resources */,
				801004C91DD31B850070C326 /* Main.storyboard in Resources */,
			);
			runOnlyForDeploymentPostprocessing = 0;
		};
/* End PBXResourcesBuildPhase section */

/* Begin PBXShellScriptBuildPhase section */
		2F2C5A4851D5E2378540308D /* [CP] Embed Pods Frameworks */ = {
			isa = PBXShellScriptBuildPhase;
			buildActionMask = 2147483647;
			files = (
			);
			inputPaths = (
			);
			name = "[CP] Embed Pods Frameworks";
			outputPaths = (
			);
			runOnlyForDeploymentPostprocessing = 0;
			shellPath = /bin/sh;
			shellScript = "\"${SRCROOT}/Pods/Target Support Files/Pods-FeatherQ/Pods-FeatherQ-frameworks.sh\"\n";
			showEnvVarsInLog = 0;
		};
		58AC4712C21DB5A5B423C670 /* [CP] Check Pods Manifest.lock */ = {
			isa = PBXShellScriptBuildPhase;
			buildActionMask = 2147483647;
			files = (
			);
			inputPaths = (
			);
			name = "[CP] Check Pods Manifest.lock";
			outputPaths = (
			);
			runOnlyForDeploymentPostprocessing = 0;
			shellPath = /bin/sh;
			shellScript = "diff \"${PODS_ROOT}/../Podfile.lock\" \"${PODS_ROOT}/Manifest.lock\" > /dev/null\nif [ $? != 0 ] ; then\n    # print error to STDERR\n    echo \"error: The sandbox is not in sync with the Podfile.lock. Run 'pod install' or update your CocoaPods installation.\" >&2\n    exit 1\nfi\n";
			showEnvVarsInLog = 0;
		};
		E70F3F1B1286FF96C33609A3 /* [CP] Copy Pods Resources */ = {
			isa = PBXShellScriptBuildPhase;
			buildActionMask = 2147483647;
			files = (
			);
			inputPaths = (
			);
			name = "[CP] Copy Pods Resources";
			outputPaths = (
			);
			runOnlyForDeploymentPostprocessing = 0;
			shellPath = /bin/sh;
			shellScript = "\"${SRCROOT}/Pods/Target Support Files/Pods-FeatherQ/Pods-FeatherQ-resources.sh\"\n";
			showEnvVarsInLog = 0;
		};
/* End PBXShellScriptBuildPhase section */

/* Begin PBXSourcesBuildPhase section */
		801004BC1DD31B850070C326 /* Sources */ = {
			isa = PBXSourcesBuildPhase;
			buildActionMask = 2147483647;
			files = (
				801A105D1DE56FA800373A22 /* FQBusiness.swift in Sources */,
				801004E71DD465FF0070C326 /* FQIssueNumberViewController.swift in Sources */,
				801A105F1DE578F300373A22 /* Utility.swift in Sources */,
				806692A61DF08AB000EA3963 /* FQSettingsDetailsViewController.swift in Sources */,
				8099E82D1E2E6BF200F39C82 /* FQSettingsTimeEstimatesTableViewController.swift in Sources */,
				80CFD2A71E30A29700982F86 /* FQOnboardingUserTypeViewController.swift in Sources */,
				80C296361DFAA55900444E5A /* FQOnboardingContentViewController.swift in Sources */,
				801004E11DD400220070C326 /* FQBusinessDetailsViewController.swift in Sources */,
				80EE0C2A1DEC458D003B9F7E /* FQForgotPasswordViewController.swift in Sources */,
				80EE0C2C1DED4A26003B9F7E /* FQAboutViewController.swift in Sources */,
				801004C61DD31B850070C326 /* ViewController.swift in Sources */,
				804D88BD1DE7C3DA00129CC9 /* FQVerificationCodeViewController.swift in Sources */,
				801A10591DE5517300373A22 /* FQSearchTableViewController.swift in Sources */,
				8099E82B1E2E174600F39C82 /* FQOnboardingGetStartedViewController.swift in Sources */,
				806ABBE61E3883B3009ADDD4 /* FQOnboardingLayerViewController.swift in Sources */,
				80CE42711DDC5BE90054E7C5 /* FQProcessQueueTableViewCell.swift in Sources */,
				80E220761E406A6100C6FC16 /* FQCategoryZoomViewController.swift in Sources */,
				801004D91DD39C990070C326 /* FQCategoriesCollectionViewController.swift in Sources */,
				801A105B1DE5532500373A22 /* FQSearchTableViewCell.swift in Sources */,
				80CE426F1DDB5D440054E7C5 /* FQGetStartedViewController.swift in Sources */,
				80DD61641DFA8A86009AB134 /* FQChangePasswordViewController.swift in Sources */,
				80C296341DFAA51700444E5A /* FQOnboardingPageViewController.swift in Sources */,
				80C296321DFAA4CB00444E5A /* FQOnboardingContainerViewController.swift in Sources */,
				806692A11DF073C400EA3963 /* FQSettingsTableViewController.swift in Sources */,
				806692A41DF08A9900EA3963 /* FQSettingsAccountViewController.swift in Sources */,
				801D4C061DDD90DD00BE555F /* API.swift in Sources */,
				8040BD651E3F36F100575CA9 /* FQOnboardingPushNotificationViewController.swift in Sources */,
				801A10611DE5ACB600373A22 /* FQBusinessValidationViewController.swift in Sources */,
				802B4EB71DF559DB0038891A /* FQReceiptViewController.swift in Sources */,
				806692AA1DF08AD900EA3963 /* FQSettingsOperationsViewController.swift in Sources */,
				801004DB1DD3FD2A0070C326 /* FQDashboardViewController.swift in Sources */,
				808FE5901DF7EE2C00705D83 /* FQSearchBroadcastViewController.swift in Sources */,
				8084524F1DF5249100249441 /* FQBroadcastViewController.swift in Sources */,
				801004DF1DD3FE5B0070C326 /* FQRegistrationViewController.swift in Sources */,
				801004DD1DD3FE320070C326 /* FQLoginViewController.swift in Sources */,
				801004E31DD400410070C326 /* FQOperationsViewController.swift in Sources */,
				806692A81DF08AC800EA3963 /* FQSettingsAddressViewController.swift in Sources */,
				80B9C7C71DF02D65000A3B7A /* Session.swift in Sources */,
				801004C41DD31B850070C326 /* AppDelegate.swift in Sources */,
				80C17A5F1E4834420058E1D4 /* FQIssueNumberClosedViewController.swift in Sources */,
				8099E8291E2E0AD000F39C82 /* FQOnboardingLocationViewController.swift in Sources */,
				80CE42731DDC6A420054E7C5 /* FQProcessQueueTableViewController.swift in Sources */,
				801004D71DD39BB80070C326 /* FQCategoriesCollectionViewCell.swift in Sources */,
			);
			runOnlyForDeploymentPostprocessing = 0;
		};
/* End PBXSourcesBuildPhase section */

/* Begin PBXVariantGroup section */
		801004C71DD31B850070C326 /* Main.storyboard */ = {
			isa = PBXVariantGroup;
			children = (
				801004C81DD31B850070C326 /* Base */,
			);
			name = Main.storyboard;
			sourceTree = "<group>";
		};
		801004CC1DD31B850070C326 /* LaunchScreen.storyboard */ = {
			isa = PBXVariantGroup;
			children = (
				801004CD1DD31B850070C326 /* Base */,
			);
			name = LaunchScreen.storyboard;
			sourceTree = "<group>";
		};
/* End PBXVariantGroup section */

/* Begin XCBuildConfiguration section */
		801004D01DD31B850070C326 /* Debug */ = {
			isa = XCBuildConfiguration;
			buildSettings = {
				ALWAYS_SEARCH_USER_PATHS = NO;
				CLANG_ANALYZER_NONNULL = YES;
				CLANG_CXX_LANGUAGE_STANDARD = "gnu++0x";
				CLANG_CXX_LIBRARY = "libc++";
				CLANG_ENABLE_MODULES = YES;
				CLANG_ENABLE_OBJC_ARC = YES;
				CLANG_WARN_BOOL_CONVERSION = YES;
				CLANG_WARN_CONSTANT_CONVERSION = YES;
				CLANG_WARN_DIRECT_OBJC_ISA_USAGE = YES_ERROR;
				CLANG_WARN_DOCUMENTATION_COMMENTS = YES;
				CLANG_WARN_EMPTY_BODY = YES;
				CLANG_WARN_ENUM_CONVERSION = YES;
				CLANG_WARN_INFINITE_RECURSION = YES;
				CLANG_WARN_INT_CONVERSION = YES;
				CLANG_WARN_OBJC_ROOT_CLASS = YES_ERROR;
				CLANG_WARN_SUSPICIOUS_MOVE = YES;
				CLANG_WARN_SUSPICIOUS_MOVES = YES;
				CLANG_WARN_UNREACHABLE_CODE = YES;
				CLANG_WARN__DUPLICATE_METHOD_MATCH = YES;
				"CODE_SIGN_IDENTITY[sdk=iphoneos*]" = "iPhone Developer";
				COPY_PHASE_STRIP = NO;
				DEBUG_INFORMATION_FORMAT = dwarf;
				ENABLE_STRICT_OBJC_MSGSEND = YES;
				ENABLE_TESTABILITY = YES;
				GCC_C_LANGUAGE_STANDARD = gnu99;
				GCC_DYNAMIC_NO_PIC = NO;
				GCC_NO_COMMON_BLOCKS = YES;
				GCC_OPTIMIZATION_LEVEL = 0;
				GCC_PREPROCESSOR_DEFINITIONS = (
					"DEBUG=1",
					"$(inherited)",
				);
				GCC_WARN_64_TO_32_BIT_CONVERSION = YES;
				GCC_WARN_ABOUT_RETURN_TYPE = YES_ERROR;
				GCC_WARN_UNDECLARED_SELECTOR = YES;
				GCC_WARN_UNINITIALIZED_AUTOS = YES_AGGRESSIVE;
				GCC_WARN_UNUSED_FUNCTION = YES;
				GCC_WARN_UNUSED_VARIABLE = YES;
				IPHONEOS_DEPLOYMENT_TARGET = 9.0;
				MTL_ENABLE_DEBUG_INFO = YES;
				ONLY_ACTIVE_ARCH = YES;
				SDKROOT = iphoneos;
				SWIFT_ACTIVE_COMPILATION_CONDITIONS = DEBUG;
				SWIFT_OPTIMIZATION_LEVEL = "-Onone";
				TARGETED_DEVICE_FAMILY = "1,2";
			};
			name = Debug;
		};
		801004D11DD31B850070C326 /* Release */ = {
			isa = XCBuildConfiguration;
			buildSettings = {
				ALWAYS_SEARCH_USER_PATHS = NO;
				CLANG_ANALYZER_NONNULL = YES;
				CLANG_CXX_LANGUAGE_STANDARD = "gnu++0x";
				CLANG_CXX_LIBRARY = "libc++";
				CLANG_ENABLE_MODULES = YES;
				CLANG_ENABLE_OBJC_ARC = YES;
				CLANG_WARN_BOOL_CONVERSION = YES;
				CLANG_WARN_CONSTANT_CONVERSION = YES;
				CLANG_WARN_DIRECT_OBJC_ISA_USAGE = YES_ERROR;
				CLANG_WARN_DOCUMENTATION_COMMENTS = YES;
				CLANG_WARN_EMPTY_BODY = YES;
				CLANG_WARN_ENUM_CONVERSION = YES;
				CLANG_WARN_INFINITE_RECURSION = YES;
				CLANG_WARN_INT_CONVERSION = YES;
				CLANG_WARN_OBJC_ROOT_CLASS = YES_ERROR;
				CLANG_WARN_SUSPICIOUS_MOVE = YES;
				CLANG_WARN_SUSPICIOUS_MOVES = YES;
				CLANG_WARN_UNREACHABLE_CODE = YES;
				CLANG_WARN__DUPLICATE_METHOD_MATCH = YES;
				"CODE_SIGN_IDENTITY[sdk=iphoneos*]" = "iPhone Developer";
				COPY_PHASE_STRIP = NO;
				DEBUG_INFORMATION_FORMAT = "dwarf-with-dsym";
				ENABLE_NS_ASSERTIONS = NO;
				ENABLE_STRICT_OBJC_MSGSEND = YES;
				GCC_C_LANGUAGE_STANDARD = gnu99;
				GCC_NO_COMMON_BLOCKS = YES;
				GCC_WARN_64_TO_32_BIT_CONVERSION = YES;
				GCC_WARN_ABOUT_RETURN_TYPE = YES_ERROR;
				GCC_WARN_UNDECLARED_SELECTOR = YES;
				GCC_WARN_UNINITIALIZED_AUTOS = YES_AGGRESSIVE;
				GCC_WARN_UNUSED_FUNCTION = YES;
				GCC_WARN_UNUSED_VARIABLE = YES;
				IPHONEOS_DEPLOYMENT_TARGET = 9.0;
				MTL_ENABLE_DEBUG_INFO = NO;
				SDKROOT = iphoneos;
				SWIFT_OPTIMIZATION_LEVEL = "-Owholemodule";
				TARGETED_DEVICE_FAMILY = "1,2";
				VALIDATE_PRODUCT = YES;
			};
			name = Release;
		};
		801004D31DD31B850070C326 /* Debug */ = {
			isa = XCBuildConfiguration;
			baseConfigurationReference = 596134021EAE0D3CBEAF0B06 /* Pods-FeatherQ.debug.xcconfig */;
			buildSettings = {
				ALWAYS_EMBED_SWIFT_STANDARD_LIBRARIES = YES;
				ASSETCATALOG_COMPILER_APPICON_NAME = AppIcon;
				CODE_SIGN_ENTITLEMENTS = FeatherQ/FeatherQ.entitlements;
				CODE_SIGN_IDENTITY = "iPhone Distribution: NG KHAI DEVELOPMENT CORPORATION (SEH99488K2)";
				"CODE_SIGN_IDENTITY[sdk=iphoneos*]" = "iPhone Developer";
				DEVELOPMENT_TEAM = SEH99488K2;
				INFOPLIST_FILE = FeatherQ/Info.plist;
				IPHONEOS_DEPLOYMENT_TARGET = 9.0;
				LD_RUNPATH_SEARCH_PATHS = "$(inherited) @executable_path/Frameworks";
				PRODUCT_BUNDLE_IDENTIFIER = com.ngkhaidevcorp.FeatherQ;
				PRODUCT_NAME = "$(TARGET_NAME)";
				PROVISIONING_PROFILE = "";
				PROVISIONING_PROFILE_SPECIFIER = "";
				SWIFT_VERSION = 3.0;
			};
			name = Debug;
		};
		801004D41DD31B850070C326 /* Release */ = {
			isa = XCBuildConfiguration;
			baseConfigurationReference = F1EAC70D54D11EED369F474E /* Pods-FeatherQ.release.xcconfig */;
			buildSettings = {
				ALWAYS_EMBED_SWIFT_STANDARD_LIBRARIES = YES;
				ASSETCATALOG_COMPILER_APPICON_NAME = AppIcon;
				CODE_SIGN_ENTITLEMENTS = FeatherQ/FeatherQ.entitlements;
				CODE_SIGN_IDENTITY = "iPhone Distribution: NG KHAI DEVELOPMENT CORPORATION (SEH99488K2)";
				"CODE_SIGN_IDENTITY[sdk=iphoneos*]" = "iPhone Developer";
				DEVELOPMENT_TEAM = SEH99488K2;
				INFOPLIST_FILE = FeatherQ/Info.plist;
				IPHONEOS_DEPLOYMENT_TARGET = 9.0;
				LD_RUNPATH_SEARCH_PATHS = "$(inherited) @executable_path/Frameworks";
				PRODUCT_BUNDLE_IDENTIFIER = com.ngkhaidevcorp.FeatherQ;
				PRODUCT_NAME = "$(TARGET_NAME)";
				PROVISIONING_PROFILE = "";
				PROVISIONING_PROFILE_SPECIFIER = "";
				SWIFT_VERSION = 3.0;
			};
			name = Release;
		};
/* End XCBuildConfiguration section */

/* Begin XCConfigurationList section */
		801004BB1DD31B850070C326 /* Build configuration list for PBXProject "FeatherQ" */ = {
			isa = XCConfigurationList;
			buildConfigurations = (
				801004D01DD31B850070C326 /* Debug */,
				801004D11DD31B850070C326 /* Release */,
			);
			defaultConfigurationIsVisible = 0;
			defaultConfigurationName = Release;
		};
		801004D21DD31B850070C326 /* Build configuration list for PBXNativeTarget "FeatherQ" */ = {
			isa = XCConfigurationList;
			buildConfigurations = (
				801004D31DD31B850070C326 /* Debug */,
				801004D41DD31B850070C326 /* Release */,
			);
			defaultConfigurationIsVisible = 0;
			defaultConfigurationName = Release;
		};
/* End XCConfigurationList section */
	};
	rootObject = 801004B81DD31B850070C326 /* Project object */;
}
